
Microsoft Visual Studio Solution File, Format Version 12.00
# Visual Studio Version 17
VisualStudioVersion = 17.0.32014.148
MinimumVisualStudioVersion = 10.0.40219.1
Project("{FAE04EC0-301F-11D3-BF4B-00C04F79EFBC}") = "Refactoring", "Refactoring\Refactoring.csproj", "{F538B2E8-A1D8-4CBF-9027-1AF308EEDB4D}"
EndProject
Global
	GlobalSection(SolutionConfigurationPlatforms) = preSolution
		Debug|Any CPU = Debug|Any CPU
		Release|Any CPU = Release|Any CPU
	EndGlobalSection
	GlobalSection(ProjectConfigurationPlatforms) = postSolution
		{F538B2E8-A1D8-4CBF-9027-1AF308EEDB4D}.Debug|Any CPU.ActiveCfg = Debug|Any CPU
		{F538B2E8-A1D8-4CBF-9027-1AF308EEDB4D}.Debug|Any CPU.Build.0 = Debug|Any CPU
		{F538B2E8-A1D8-4CBF-9027-1AF308EEDB4D}.Release|Any CPU.ActiveCfg = Release|Any CPU
		{F538B2E8-A1D8-4CBF-9027-1AF308EEDB4D}.Release|Any CPU.Build.0 = Release|Any CPU
	EndGlobalSection
	GlobalSection(SolutionProperties) = preSolution
		HideSolutionNode = FALSE
	EndGlobalSection
	GlobalSection(ExtensibilityGlobals) = postSolution
		SolutionGuid = {5497B798-3735-492F-A9B9-B9E6A5A2B980}
	EndGlobalSection
EndGlobal
